
Microsoft Visual Studio Solution File, Format Version 12.00
# Visual Studio Version 17
VisualStudioVersion = 17.0.31903.59
MinimumVisualStudioVersion = 10.0.40219.1
Project("{2150E333-8FDC-42A3-9474-1A3956D46DE8}") = "src", "src", "{1627711B-0D02-49CC-A0BD-C2477E479E9A}"
EndProject
Project("{2150E333-8FDC-42A3-9474-1A3956D46DE8}") = "Core", "Core", "{BBD3270F-DA3C-45D7-89E8-1BC8B8CD3855}"
EndProject
Project("{9A19103F-16F7-4668-BE54-9A1E7A4F7556}") = "Core.Application", "src\Core\Core.Application\Core.Application.csproj", "{A82A47A6-1354-4DA5-9AA1-7DD7ED0538C7}"
EndProject
Project("{9A19103F-16F7-4668-BE54-9A1E7A4F7556}") = "Core.Infrastructure", "src\Core\Core.Infrastructure\Core.Infrastructure.csproj", "{6ECB1A6C-9396-436A-9BFF-6B328341EF86}"
EndProject
Project("{9A19103F-16F7-4668-BE54-9A1E7A4F7556}") = "Shared", "src\Core\Shared\Shared.csproj", "{2DCBD5A4-D324-48A9-BBC0-AF796A46BC8A}"
EndProject
Project("{2150E333-8FDC-42A3-9474-1A3956D46DE8}") = "Services", "Services", "{57428C95-FC83-4DE9-B9BC-90A9370DD7B3}"
EndProject
Project("{2150E333-8FDC-42A3-9474-1A3956D46DE8}") = "Order", "Order", "{57FC88FB-5263-414E-A01A-49CB7E7050B2}"
EndProject
Project("{9A19103F-16F7-4668-BE54-9A1E7A4F7556}") = "Order.API", "src\Services\Order\Order.API\Order.API.csproj", "{F186C164-5368-4DDD-81A4-3ABF112DC1C4}"
EndProject
Project("{9A19103F-16F7-4668-BE54-9A1E7A4F7556}") = "Order.Application", "src\Services\Order\Order.Application\Order.Application.csproj", "{3B2CE6E2-28F2-43C6-88F5-C40AF1BF61D4}"
EndProject
Project("{9A19103F-16F7-4668-BE54-9A1E7A4F7556}") = "Order.Domain", "src\Services\Order\Order.Domain\Order.Domain.csproj", "{61A93431-25E9-4A8B-B71D-F4D2E0DA5596}"
EndProject
Project("{9A19103F-16F7-4668-BE54-9A1E7A4F7556}") = "Order.Infrastructure", "src\Services\Order\Order.Infrastructure\Order.Infrastructure.csproj", "{4003CE6B-239A-4F0A-8A83-E7910ABC88FA}"
EndProject
Project("{2150E333-8FDC-42A3-9474-1A3956D46DE8}") = "Payment", "Payment", "{42957129-16E0-437F-9DD8-CEF253624882}"
EndProject
Project("{9A19103F-16F7-4668-BE54-9A1E7A4F7556}") = "Payment.API", "src\Services\Payment\Payment.API\Payment.API.csproj", "{E7E187F1-BA71-4328-8996-8051B01BA7DB}"
EndProject
Project("{9A19103F-16F7-4668-BE54-9A1E7A4F7556}") = "Payment.Application", "src\Services\Payment\Payment.Application\Payment.Application.csproj", "{0E404D48-EF0E-4AEE-84F5-9F8FA0E686CD}"
EndProject
Project("{9A19103F-16F7-4668-BE54-9A1E7A4F7556}") = "Payment.Domain", "src\Services\Payment\Payment.Domain\Payment.Domain.csproj", "{4A337E42-88CD-4445-8BD1-C0822716892E}"
EndProject
Project("{9A19103F-16F7-4668-BE54-9A1E7A4F7556}") = "Payment.Infrastructure", "src\Services\Payment\Payment.Infrastructure\Payment.Infrastructure.csproj", "{221F80FE-4ED8-4351-8808-F56157D45754}"
EndProject
Project("{2150E333-8FDC-42A3-9474-1A3956D46DE8}") = "Stock", "Stock", "{C0198D38-DB8F-457E-934E-E1064F8BEA05}"
EndProject
Project("{9A19103F-16F7-4668-BE54-9A1E7A4F7556}") = "Stock.API", "src\Services\Stock\Stock.API\Stock.API.csproj", "{88550D39-8C54-41DD-9E83-EAFC12F6E88B}"
EndProject
Project("{9A19103F-16F7-4668-BE54-9A1E7A4F7556}") = "Stock.Application", "src\Services\Stock\Stock.Application\Stock.Application.csproj", "{9101795C-E244-429D-B1B4-C2761EC7D471}"
EndProject
Project("{9A19103F-16F7-4668-BE54-9A1E7A4F7556}") = "Stock.Domain", "src\Services\Stock\Stock.Domain\Stock.Domain.csproj", "{28CD3FF8-D8ED-4559-ACE4-EA460357B63D}"
EndProject
Project("{9A19103F-16F7-4668-BE54-9A1E7A4F7556}") = "Stock.Infrastructure", "src\Services\Stock\Stock.Infrastructure\Stock.Infrastructure.csproj", "{B7501317-51E4-475A-B445-85B2D0148B9D}"
EndProject
Project("{2150E333-8FDC-42A3-9474-1A3956D46DE8}") = "Test", "Test", "{E4A21994-4FBA-490A-8DEC-7CB6E86D2505}"
EndProject
Project("{9A19103F-16F7-4668-BE54-9A1E7A4F7556}") = "Test", "src\Services\Test\Test.csproj", "{E5A0EFCB-25AF-4768-A4BE-CC8758E039D2}"
EndProject
Global
	GlobalSection(SolutionConfigurationPlatforms) = preSolution
		Debug|Any CPU = Debug|Any CPU
		Release|Any CPU = Release|Any CPU
	EndGlobalSection
	GlobalSection(ProjectConfigurationPlatforms) = postSolution
		{A82A47A6-1354-4DA5-9AA1-7DD7ED0538C7}.Debug|Any CPU.ActiveCfg = Debug|Any CPU
		{A82A47A6-1354-4DA5-9AA1-7DD7ED0538C7}.Debug|Any CPU.Build.0 = Debug|Any CPU
		{A82A47A6-1354-4DA5-9AA1-7DD7ED0538C7}.Release|Any CPU.ActiveCfg = Release|Any CPU
		{A82A47A6-1354-4DA5-9AA1-7DD7ED0538C7}.Release|Any CPU.Build.0 = Release|Any CPU
		{6ECB1A6C-9396-436A-9BFF-6B328341EF86}.Debug|Any CPU.ActiveCfg = Debug|Any CPU
		{6ECB1A6C-9396-436A-9BFF-6B328341EF86}.Debug|Any CPU.Build.0 = Debug|Any CPU
		{6ECB1A6C-9396-436A-9BFF-6B328341EF86}.Release|Any CPU.ActiveCfg = Release|Any CPU
		{6ECB1A6C-9396-436A-9BFF-6B328341EF86}.Release|Any CPU.Build.0 = Release|Any CPU
		{2DCBD5A4-D324-48A9-BBC0-AF796A46BC8A}.Debug|Any CPU.ActiveCfg = Debug|Any CPU
		{2DCBD5A4-D324-48A9-BBC0-AF796A46BC8A}.Debug|Any CPU.Build.0 = Debug|Any CPU
		{2DCBD5A4-D324-48A9-BBC0-AF796A46BC8A}.Release|Any CPU.ActiveCfg = Release|Any CPU
		{2DCBD5A4-D324-48A9-BBC0-AF796A46BC8A}.Release|Any CPU.Build.0 = Release|Any CPU
		{F186C164-5368-4DDD-81A4-3ABF112DC1C4}.Debug|Any CPU.ActiveCfg = Debug|Any CPU
		{F186C164-5368-4DDD-81A4-3ABF112DC1C4}.Debug|Any CPU.Build.0 = Debug|Any CPU
		{F186C164-5368-4DDD-81A4-3ABF112DC1C4}.Release|Any CPU.ActiveCfg = Release|Any CPU
		{F186C164-5368-4DDD-81A4-3ABF112DC1C4}.Release|Any CPU.Build.0 = Release|Any CPU
		{3B2CE6E2-28F2-43C6-88F5-C40AF1BF61D4}.Debug|Any CPU.ActiveCfg = Debug|Any CPU
		{3B2CE6E2-28F2-43C6-88F5-C40AF1BF61D4}.Debug|Any CPU.Build.0 = Debug|Any CPU
		{3B2CE6E2-28F2-43C6-88F5-C40AF1BF61D4}.Release|Any CPU.ActiveCfg = Release|Any CPU
		{3B2CE6E2-28F2-43C6-88F5-C40AF1BF61D4}.Release|Any CPU.Build.0 = Release|Any CPU
		{61A93431-25E9-4A8B-B71D-F4D2E0DA5596}.Debug|Any CPU.ActiveCfg = Debug|Any CPU
		{61A93431-25E9-4A8B-B71D-F4D2E0DA5596}.Debug|Any CPU.Build.0 = Debug|Any CPU
		{61A93431-25E9-4A8B-B71D-F4D2E0DA5596}.Release|Any CPU.ActiveCfg = Release|Any CPU
		{61A93431-25E9-4A8B-B71D-F4D2E0DA5596}.Release|Any CPU.Build.0 = Release|Any CPU
		{4003CE6B-239A-4F0A-8A83-E7910ABC88FA}.Debug|Any CPU.ActiveCfg = Debug|Any CPU
		{4003CE6B-239A-4F0A-8A83-E7910ABC88FA}.Debug|Any CPU.Build.0 = Debug|Any CPU
		{4003CE6B-239A-4F0A-8A83-E7910ABC88FA}.Release|Any CPU.ActiveCfg = Release|Any CPU
		{4003CE6B-239A-4F0A-8A83-E7910ABC88FA}.Release|Any CPU.Build.0 = Release|Any CPU
		{E7E187F1-BA71-4328-8996-8051B01BA7DB}.Debug|Any CPU.ActiveCfg = Debug|Any CPU
		{E7E187F1-BA71-4328-8996-8051B01BA7DB}.Debug|Any CPU.Build.0 = Debug|Any CPU
		{E7E187F1-BA71-4328-8996-8051B01BA7DB}.Release|Any CPU.ActiveCfg = Release|Any CPU
		{E7E187F1-BA71-4328-8996-8051B01BA7DB}.Release|Any CPU.Build.0 = Release|Any CPU
		{0E404D48-EF0E-4AEE-84F5-9F8FA0E686CD}.Debug|Any CPU.ActiveCfg = Debug|Any CPU
		{0E404D48-EF0E-4AEE-84F5-9F8FA0E686CD}.Debug|Any CPU.Build.0 = Debug|Any CPU
		{0E404D48-EF0E-4AEE-84F5-9F8FA0E686CD}.Release|Any CPU.ActiveCfg = Release|Any CPU
		{0E404D48-EF0E-4AEE-84F5-9F8FA0E686CD}.Release|Any CPU.Build.0 = Release|Any CPU
		{4A337E42-88CD-4445-8BD1-C0822716892E}.Debug|Any CPU.ActiveCfg = Debug|Any CPU
		{4A337E42-88CD-4445-8BD1-C0822716892E}.Debug|Any CPU.Build.0 = Debug|Any CPU
		{4A337E42-88CD-4445-8BD1-C0822716892E}.Release|Any CPU.ActiveCfg = Release|Any CPU
		{4A337E42-88CD-4445-8BD1-C0822716892E}.Release|Any CPU.Build.0 = Release|Any CPU
		{221F80FE-4ED8-4351-8808-F56157D45754}.Debug|Any CPU.ActiveCfg = Debug|Any CPU
		{221F80FE-4ED8-4351-8808-F56157D45754}.Debug|Any CPU.Build.0 = Debug|Any CPU
		{221F80FE-4ED8-4351-8808-F56157D45754}.Release|Any CPU.ActiveCfg = Release|Any CPU
		{221F80FE-4ED8-4351-8808-F56157D45754}.Release|Any CPU.Build.0 = Release|Any CPU
		{88550D39-8C54-41DD-9E83-EAFC12F6E88B}.Debug|Any CPU.ActiveCfg = Debug|Any CPU
		{88550D39-8C54-41DD-9E83-EAFC12F6E88B}.Debug|Any CPU.Build.0 = Debug|Any CPU
		{88550D39-8C54-41DD-9E83-EAFC12F6E88B}.Release|Any CPU.ActiveCfg = Release|Any CPU
		{88550D39-8C54-41DD-9E83-EAFC12F6E88B}.Release|Any CPU.Build.0 = Release|Any CPU
		{9101795C-E244-429D-B1B4-C2761EC7D471}.Debug|Any CPU.ActiveCfg = Debug|Any CPU
		{9101795C-E244-429D-B1B4-C2761EC7D471}.Debug|Any CPU.Build.0 = Debug|Any CPU
		{9101795C-E244-429D-B1B4-C2761EC7D471}.Release|Any CPU.ActiveCfg = Release|Any CPU
		{9101795C-E244-429D-B1B4-C2761EC7D471}.Release|Any CPU.Build.0 = Release|Any CPU
		{28CD3FF8-D8ED-4559-ACE4-EA460357B63D}.Debug|Any CPU.ActiveCfg = Debug|Any CPU
		{28CD3FF8-D8ED-4559-ACE4-EA460357B63D}.Debug|Any CPU.Build.0 = Debug|Any CPU
		{28CD3FF8-D8ED-4559-ACE4-EA460357B63D}.Release|Any CPU.ActiveCfg = Release|Any CPU
		{28CD3FF8-D8ED-4559-ACE4-EA460357B63D}.Release|Any CPU.Build.0 = Release|Any CPU
		{B7501317-51E4-475A-B445-85B2D0148B9D}.Debug|Any CPU.ActiveCfg = Debug|Any CPU
		{B7501317-51E4-475A-B445-85B2D0148B9D}.Debug|Any CPU.Build.0 = Debug|Any CPU
		{B7501317-51E4-475A-B445-85B2D0148B9D}.Release|Any CPU.ActiveCfg = Release|Any CPU
		{B7501317-51E4-475A-B445-85B2D0148B9D}.Release|Any CPU.Build.0 = Release|Any CPU
		{E5A0EFCB-25AF-4768-A4BE-CC8758E039D2}.Debug|Any CPU.ActiveCfg = Debug|Any CPU
		{E5A0EFCB-25AF-4768-A4BE-CC8758E039D2}.Debug|Any CPU.Build.0 = Debug|Any CPU
		{E5A0EFCB-25AF-4768-A4BE-CC8758E039D2}.Release|Any CPU.ActiveCfg = Release|Any CPU
		{E5A0EFCB-25AF-4768-A4BE-CC8758E039D2}.Release|Any CPU.Build.0 = Release|Any CPU
	EndGlobalSection
	GlobalSection(SolutionProperties) = preSolution
		HideSolutionNode = FALSE
	EndGlobalSection
	GlobalSection(NestedProjects) = preSolution
		{BBD3270F-DA3C-45D7-89E8-1BC8B8CD3855} = {1627711B-0D02-49CC-A0BD-C2477E479E9A}
		{A82A47A6-1354-4DA5-9AA1-7DD7ED0538C7} = {BBD3270F-DA3C-45D7-89E8-1BC8B8CD3855}
		{6ECB1A6C-9396-436A-9BFF-6B328341EF86} = {BBD3270F-DA3C-45D7-89E8-1BC8B8CD3855}
		{2DCBD5A4-D324-48A9-BBC0-AF796A46BC8A} = {BBD3270F-DA3C-45D7-89E8-1BC8B8CD3855}
		{57428C95-FC83-4DE9-B9BC-90A9370DD7B3} = {1627711B-0D02-49CC-A0BD-C2477E479E9A}
		{57FC88FB-5263-414E-A01A-49CB7E7050B2} = {57428C95-FC83-4DE9-B9BC-90A9370DD7B3}
		{F186C164-5368-4DDD-81A4-3ABF112DC1C4} = {57FC88FB-5263-414E-A01A-49CB7E7050B2}
		{3B2CE6E2-28F2-43C6-88F5-C40AF1BF61D4} = {57FC88FB-5263-414E-A01A-49CB7E7050B2}
		{61A93431-25E9-4A8B-B71D-F4D2E0DA5596} = {57FC88FB-5263-414E-A01A-49CB7E7050B2}
		{4003CE6B-239A-4F0A-8A83-E7910ABC88FA} = {57FC88FB-5263-414E-A01A-49CB7E7050B2}
		{42957129-16E0-437F-9DD8-CEF253624882} = {57428C95-FC83-4DE9-B9BC-90A9370DD7B3}
		{E7E187F1-BA71-4328-8996-8051B01BA7DB} = {42957129-16E0-437F-9DD8-CEF253624882}
		{0E404D48-EF0E-4AEE-84F5-9F8FA0E686CD} = {42957129-16E0-437F-9DD8-CEF253624882}
		{4A337E42-88CD-4445-8BD1-C0822716892E} = {42957129-16E0-437F-9DD8-CEF253624882}
		{221F80FE-4ED8-4351-8808-F56157D45754} = {42957129-16E0-437F-9DD8-CEF253624882}
		{C0198D38-DB8F-457E-934E-E1064F8BEA05} = {57428C95-FC83-4DE9-B9BC-90A9370DD7B3}
		{88550D39-8C54-41DD-9E83-EAFC12F6E88B} = {C0198D38-DB8F-457E-934E-E1064F8BEA05}
		{9101795C-E244-429D-B1B4-C2761EC7D471} = {C0198D38-DB8F-457E-934E-E1064F8BEA05}
		{28CD3FF8-D8ED-4559-ACE4-EA460357B63D} = {C0198D38-DB8F-457E-934E-E1064F8BEA05}
		{B7501317-51E4-475A-B445-85B2D0148B9D} = {C0198D38-DB8F-457E-934E-E1064F8BEA05}
		{E4A21994-4FBA-490A-8DEC-7CB6E86D2505} = {57428C95-FC83-4DE9-B9BC-90A9370DD7B3}
		{E5A0EFCB-25AF-4768-A4BE-CC8758E039D2} = {E4A21994-4FBA-490A-8DEC-7CB6E86D2505}
	EndGlobalSection
	GlobalSection(ExtensibilityGlobals) = postSolution
		SolutionGuid = {B79E1BF2-26AC-4F7E-A990-CFB21AACADDC}
	EndGlobalSection
EndGlobal
